
Microsoft Visual Studio Solution File, Format Version 12.00
# Visual Studio Version 16
VisualStudioVersion = 16.0.30907.101
MinimumVisualStudioVersion = 10.0.40219.1
Project("{FAE04EC0-301F-11D3-BF4B-00C04F79EFBC}") = "GameMarketing", "GameMarketing\GameMarketing.csproj", "{9D1DDB8C-E1C0-44F5-AF7F-3D2D7145BB07}"
EndProject
Global
	GlobalSection(SolutionConfigurationPlatforms) = preSolution
		Debug|Any CPU = Debug|Any CPU
		Release|Any CPU = Release|Any CPU
	EndGlobalSection
	GlobalSection(ProjectConfigurationPlatforms) = postSolution
		{9D1DDB8C-E1C0-44F5-AF7F-3D2D7145BB07}.Debug|Any CPU.ActiveCfg = Debug|Any CPU
		{9D1DDB8C-E1C0-44F5-AF7F-3D2D7145BB07}.Debug|Any CPU.Build.0 = Debug|Any CPU
		{9D1DDB8C-E1C0-44F5-AF7F-3D2D7145BB07}.Release|Any CPU.ActiveCfg = Release|Any CPU
		{9D1DDB8C-E1C0-44F5-AF7F-3D2D7145BB07}.Release|Any CPU.Build.0 = Release|Any CPU
	EndGlobalSection
	GlobalSection(SolutionProperties) = preSolution
		HideSolutionNode = FALSE
	EndGlobalSection
	GlobalSection(ExtensibilityGlobals) = postSolution
		SolutionGuid = {4A39BEC8-FCD1-4F71-B15C-4FFDE96D4CBE}
	EndGlobalSection
EndGlobal
